
Microsoft Visual Studio Solution File, Format Version 12.00
# Visual Studio Version 17
VisualStudioVersion = 17.14.36804.6
MinimumVisualStudioVersion = 10.0.40219.1
Project("{FAE04EC0-301F-11D3-BF4B-00C04F79EFBC}") = "EMapScannerApi", "EMapScannerApi\EMapScannerApi.csproj", "{EB5CA599-906B-4560-8F38-BA948EFA7382}"
EndProject
Project("{FAE04EC0-301F-11D3-BF4B-00C04F79EFBC}") = "EMapScannerGui", "EMapScannerGui\EMapScannerGui.csproj", "{19954CF9-FB0D-42AA-AF9C-0A41CF931E3E}"
EndProject
Global
	GlobalSection(SolutionConfigurationPlatforms) = preSolution
		Debug|Any CPU = Debug|Any CPU
		Release|Any CPU = Release|Any CPU
	EndGlobalSection
	GlobalSection(ProjectConfigurationPlatforms) = postSolution
		{EB5CA599-906B-4560-8F38-BA948EFA7382}.Debug|Any CPU.ActiveCfg = Debug|Any CPU
		{EB5CA599-906B-4560-8F38-BA948EFA7382}.Debug|Any CPU.Build.0 = Debug|Any CPU
		{EB5CA599-906B-4560-8F38-BA948EFA7382}.Release|Any CPU.ActiveCfg = Release|Any CPU
		{EB5CA599-906B-4560-8F38-BA948EFA7382}.Release|Any CPU.Build.0 = Release|Any CPU
		{19954CF9-FB0D-42AA-AF9C-0A41CF931E3E}.Debug|Any CPU.ActiveCfg = Debug|Any CPU
		{19954CF9-FB0D-42AA-AF9C-0A41CF931E3E}.Debug|Any CPU.Build.0 = Debug|Any CPU
		{19954CF9-FB0D-42AA-AF9C-0A41CF931E3E}.Release|Any CPU.ActiveCfg = Release|Any CPU
		{19954CF9-FB0D-42AA-AF9C-0A41CF931E3E}.Release|Any CPU.Build.0 = Release|Any CPU
	EndGlobalSection
	GlobalSection(SolutionProperties) = preSolution
		HideSolutionNode = FALSE
	EndGlobalSection
	GlobalSection(ExtensibilityGlobals) = postSolution
		SolutionGuid = {D435069A-2AC6-4B9D-9F44-837F184EE753}
	EndGlobalSection
EndGlobal
